// !$*UTF8*$!
{
	archiveVersion = 1;
	classes = {
	};
	objectVersion = 50;
	objects = {

/* Begin PBXBuildFile section */
		4688B33F23EC0FBE00D7738A /* AppDelegate.swift in Sources */ = {isa = PBXBuildFile; fileRef = 4688B33E23EC0FBE00D7738A /* AppDelegate.swift */; };
		4688B34123EC0FBE00D7738A /* SceneDelegate.swift in Sources */ = {isa = PBXBuildFile; fileRef = 4688B34023EC0FBE00D7738A /* SceneDelegate.swift */; };
		4688B34323EC0FBE00D7738A /* ViewController.swift in Sources */ = {isa = PBXBuildFile; fileRef = 4688B34223EC0FBE00D7738A /* ViewController.swift */; };
		4688B34623EC0FBE00D7738A /* Main.storyboard in Resources */ = {isa = PBXBuildFile; fileRef = 4688B34423EC0FBE00D7738A /* Main.storyboard */; };
		4688B34923EC0FBE00D7738A /* Project_Fueler.xcdatamodeld in Sources */ = {isa = PBXBuildFile; fileRef = 4688B34723EC0FBE00D7738A /* Project_Fueler.xcdatamodeld */; };
		4688B34B23EC0FC000D7738A /* Assets.xcassets in Resources */ = {isa = PBXBuildFile; fileRef = 4688B34A23EC0FC000D7738A /* Assets.xcassets */; };
		4688B34E23EC0FC000D7738A /* LaunchScreen.storyboard in Resources */ = {isa = PBXBuildFile; fileRef = 4688B34C23EC0FC000D7738A /* LaunchScreen.storyboard */; };
/* End PBXBuildFile section */

/* Begin PBXFileReference section */
		4688B33B23EC0FBE00D7738A /* Project Fueler.app */ = {isa = PBXFileReference; explicitFileType = wrapper.application; includeInIndex = 0; path = "Project Fueler.app"; sourceTree = BUILT_PRODUCTS_DIR; };
		4688B33E23EC0FBE00D7738A /* AppDelegate.swift */ = {isa = PBXFileReference; lastKnownFileType = sourcecode.swift; path = AppDelegate.swift; sourceTree = "<group>"; };
		4688B34023EC0FBE00D7738A /* SceneDelegate.swift */ = {isa = PBXFileReference; lastKnownFileType = sourcecode.swift; path = SceneDelegate.swift; sourceTree = "<group>"; };
		4688B34223EC0FBE00D7738A /* ViewController.swift */ = {isa = PBXFileReference; lastKnownFileType = sourcecode.swift; path = ViewController.swift; sourceTree = "<group>"; };
		4688B34523EC0FBE00D7738A /* Base */ = {isa = PBXFileReference; lastKnownFileType = file.storyboard; name = Base; path = Base.lproj/Main.storyboard; sourceTree = "<group>"; };
		4688B34823EC0FBE00D7738A /* Project_Fueler.xcdatamodel */ = {isa = PBXFileReference; lastKnownFileType = wrapper.xcdatamodel; path = Project_Fueler.xcdatamodel; sourceTree = "<group>"; };
		4688B34A23EC0FC000D7738A /* Assets.xcassets */ = {isa = PBXFileReference; lastKnownFileType = folder.assetcatalog; path = Assets.xcassets; sourceTree = "<group>"; };
		4688B34D23EC0FC000D7738A /* Base */ = {isa = PBXFileReference; lastKnownFileType = file.storyboard; name = Base; path = Base.lproj/LaunchScreen.storyboard; sourceTree = "<group>"; };
		4688B34F23EC0FC000D7738A /* Info.plist */ = {isa = PBXFileReference; lastKnownFileType = text.plist.xml; path = Info.plist; sourceTree = "<group>"; };
/* End PBXFileReference section */

/* Begin PBXFrameworksBuildPhase section */
		4688B33823EC0FBE00D7738A /* Frameworks */ = {
			isa = PBXFrameworksBuildPhase;
			buildActionMask = 2147483647;
			files = (
			);
			runOnlyForDeploymentPostprocessing = 0;
		};
/* End PBXFrameworksBuildPhase section */

/* Begin PBXGroup section */
		4688B33223EC0FBE00D7738A = {
			isa = PBXGroup;
			children = (
				4688B33D23EC0FBE00D7738A /* Project Fueler */,
				4688B33C23EC0FBE00D7738A /* Products */,
			);
			sourceTree = "<group>";
		};
		4688B33C23EC0FBE00D7738A /* Products */ = {
			isa = PBXGroup;
			children = (
				4688B33B23EC0FBE00D7738A /* Project Fueler.app */,
			);
			name = Products;
			sourceTree = "<group>";
		};
		4688B33D23EC0FBE00D7738A /* Project Fueler */ = {
			isa = PBXGroup;
			children = (
				4688B33E23EC0FBE00D7738A /* AppDelegate.swift */,
				4688B34023EC0FBE00D7738A /* SceneDelegate.swift */,
				4688B34223EC0FBE00D7738A /* ViewController.swift */,
				4688B34423EC0FBE00D7738A /* Main.storyboard */,
				4688B34A23EC0FC000D7738A /* Assets.xcassets */,
				4688B34C23EC0FC000D7738A /* LaunchScreen.storyboard */,
				4688B34F23EC0FC000D7738A /* Info.plist */,
				4688B34723EC0FBE00D7738A /* Project_Fueler.xcdatamodeld */,
			);
			path = "Project Fueler";
			sourceTree = "<group>";
		};
/* End PBXGroup section */

/* Begin PBXNativeTarget section */
		4688B33A23EC0FBE00D7738A /* Project Fueler */ = {
			isa = PBXNativeTarget;
			buildConfigurationList = 4688B35223EC0FC000D7738A /* Build configuration list for PBXNativeTarget "Project Fueler" */;
			buildPhases = (
				4688B33723EC0FBE00D7738A /* Sources */,
				4688B33823EC0FBE00D7738A /* Frameworks */,
				4688B33923EC0FBE00D7738A /* Resources */,
			);
			buildRules = (
			);
			dependencies = (
			);
			name = "Project Fueler";
			productName = "Project Fueler";
			productReference = 4688B33B23EC0FBE00D7738A /* Project Fueler.app */;
			productType = "com.apple.product-type.application";
		};
/* End PBXNativeTarget section */

/* Begin PBXProject section */
		4688B33323EC0FBE00D7738A /* Project object */ = {
			isa = PBXProject;
			attributes = {
				LastSwiftUpdateCheck = 1130;
				LastUpgradeCheck = 1130;
				ORGANIZATIONNAME = "Murat Baykor";
				TargetAttributes = {
					4688B33A23EC0FBE00D7738A = {
						CreatedOnToolsVersion = 11.3.1;
					};
				};
			};
			buildConfigurationList = 4688B33623EC0FBE00D7738A /* Build configuration list for PBXProject "Project Fueler" */;
			compatibilityVersion = "Xcode 9.3";
			developmentRegion = en;
			hasScannedForEncodings = 0;
			knownRegions = (
				en,
				Base,
			);
			mainGroup = 4688B33223EC0FBE00D7738A;
			productRefGroup = 4688B33C23EC0FBE00D7738A /* Products */;
			projectDirPath = "";
			projectRoot = "";
			targets = (
				4688B33A23EC0FBE00D7738A /* Project Fueler */,
			);
		};
/* End PBXProject section */

/* Begin PBXResourcesBuildPhase section */
		4688B33923EC0FBE00D7738A /* Resources */ = {
			isa = PBXResourcesBuildPhase;
			buildActionMask = 2147483647;
			files = (
				4688B34E23EC0FC000D7738A /* LaunchScreen.storyboard in Resources */,
				4688B34B23EC0FC000D7738A /* Assets.xcassets in Resources */,
				4688B34623EC0FBE00D7738A /* Main.storyboard in Resources */,
			);
			runOnlyForDeploymentPostprocessing = 0;
		};
/* End PBXResourcesBuildPhase section */

/* Begin PBXSourcesBuildPhase section */
		4688B33723EC0FBE00D7738A /* Sources */ = {
			isa = PBXSourcesBuildPhase;
			buildActionMask = 2147483647;
			files = (
				4688B34923EC0FBE00D7738A /* Project_Fueler.xcdatamodeld in Sources */,
				4688B34323EC0FBE00D7738A /* ViewController.swift in Sources */,
				4688B33F23EC0FBE00D7738A /* AppDelegate.swift in Sources */,
				4688B34123EC0FBE00D7738A /* SceneDelegate.swift in Sources */,
			);
			runOnlyForDeploymentPostprocessing = 0;
		};
/* End PBXSourcesBuildPhase section */

/* Begin PBXVariantGroup section */
		4688B34423EC0FBE00D7738A /* Main.storyboard */ = {
			isa = PBXVariantGroup;
			children = (
				4688B34523EC0FBE00D7738A /* Base */,
			);
			name = Main.storyboard;
			sourceTree = "<group>";
		};
		4688B34C23EC0FC000D7738A /* LaunchScreen.storyboard */ = {
			isa = PBXVariantGroup;
			children = (
				4688B34D23EC0FC000D7738A /* Base */,
			);
			name = LaunchScreen.storyboard;
			sourceTree = "<group>";
		};
/* End PBXVariantGroup section */

/* Begin XCBuildConfiguration section */
		4688B35023EC0FC000D7738A /* Debug */ = {
			isa = XCBuildConfiguration;
			buildSettings = {
				ALWAYS_SEARCH_USER_PATHS = NO;
				CLANG_ANALYZER_NONNULL = YES;
				CLANG_ANALYZER_NUMBER_OBJECT_CONVERSION = YES_AGGRESSIVE;
				CLANG_CXX_LANGUAGE_STANDARD = "gnu++14";
				CLANG_CXX_LIBRARY = "libc++";
				CLANG_ENABLE_MODULES = YES;
				CLANG_ENABLE_OBJC_ARC = YES;
				CLANG_ENABLE_OBJC_WEAK = YES;
				CLANG_WARN_BLOCK_CAPTURE_AUTORELEASING = YES;
				CLANG_WARN_BOOL_CONVERSION = YES;
				CLANG_WARN_COMMA = YES;
				CLANG_WARN_CONSTANT_CONVERSION = YES;
				CLANG_WARN_DEPRECATED_OBJC_IMPLEMENTATIONS = YES;
				CLANG_WARN_DIRECT_OBJC_ISA_USAGE = YES_ERROR;
				CLANG_WARN_DOCUMENTATION_COMMENTS = YES;
				CLANG_WARN_EMPTY_BODY = YES;
				CLANG_WARN_ENUM_CONVERSION = YES;
				CLANG_WARN_INFINITE_RECURSION = YES;
				CLANG_WARN_INT_CONVERSION = YES;
				CLANG_WARN_NON_LITERAL_NULL_CONVERSION = YES;
				CLANG_WARN_OBJC_IMPLICIT_RETAIN_SELF = YES;
				CLANG_WARN_OBJC_LITERAL_CONVERSION = YES;
				CLANG_WARN_OBJC_ROOT_CLASS = YES_ERROR;
				CLANG_WARN_RANGE_LOOP_ANALYSIS = YES;
				CLANG_WARN_STRICT_PROTOTYPES = YES;
				CLANG_WARN_SUSPICIOUS_MOVE = YES;
				CLANG_WARN_UNGUARDED_AVAILABILITY = YES_AGGRESSIVE;
				CLANG_WARN_UNREACHABLE_CODE = YES;
				CLANG_WARN__DUPLICATE_METHOD_MATCH = YES;
				COPY_PHASE_STRIP = NO;
				DEBUG_INFORMATION_FORMAT = dwarf;
				ENABLE_STRICT_OBJC_MSGSEND = YES;
				ENABLE_TESTABILITY = YES;
				GCC_C_LANGUAGE_STANDARD = gnu11;
				GCC_DYNAMIC_NO_PIC = NO;
				GCC_NO_COMMON_BLOCKS = YES;
				GCC_OPTIMIZATION_LEVEL = 0;
				GCC_PREPROCESSOR_DEFINITIONS = (
					"DEBUG=1",
					"$(inherited)",
				);
				GCC_WARN_64_TO_32_BIT_CONVERSION = YES;
				GCC_WARN_ABOUT_RETURN_TYPE = YES_ERROR;
				GCC_WARN_UNDECLARED_SELECTOR = YES;
				GCC_WARN_UNINITIALIZED_AUTOS = YES_AGGRESSIVE;
				GCC_WARN_UNUSED_FUNCTION = YES;
				GCC_WARN_UNUSED_VARIABLE = YES;
				IPHONEOS_DEPLOYMENT_TARGET = 13.2;
				MTL_ENABLE_DEBUG_INFO = INCLUDE_SOURCE;
				MTL_FAST_MATH = YES;
				ONLY_ACTIVE_ARCH = YES;
				SDKROOT = iphoneos;
				SWIFT_ACTIVE_COMPILATION_CONDITIONS = DEBUG;
				SWIFT_OPTIMIZATION_LEVEL = "-Onone";
			};
			name = Debug;
		};
		4688B35123EC0FC000D7738A /* Release */ = {
			isa = XCBuildConfiguration;
			buildSettings = {
				ALWAYS_SEARCH_USER_PATHS = NO;
				CLANG_ANALYZER_NONNULL = YES;
				CLANG_ANALYZER_NUMBER_OBJECT_CONVERSION = YES_AGGRESSIVE;
				CLANG_CXX_LANGUAGE_STANDARD = "gnu++14";
				CLANG_CXX_LIBRARY = "libc++";
				CLANG_ENABLE_MODULES = YES;
				CLANG_ENABLE_OBJC_ARC = YES;
				CLANG_ENABLE_OBJC_WEAK = YES;
				CLANG_WARN_BLOCK_CAPTURE_AUTORELEASING = YES;
				CLANG_WARN_BOOL_CONVERSION = YES;
				CLANG_WARN_COMMA = YES;
				CLANG_WARN_CONSTANT_CONVERSION = YES;
				CLANG_WARN_DEPRECATED_OBJC_IMPLEMENTATIONS = YES;
				CLANG_WARN_DIRECT_OBJC_ISA_USAGE = YES_ERROR;
				CLANG_WARN_DOCUMENTATION_COMMENTS = YES;
				CLANG_WARN_EMPTY_BODY = YES;
				CLANG_WARN_ENUM_CONVERSION = YES;
				CLANG_WARN_INFINITE_RECURSION = YES;
				CLANG_WARN_INT_CONVERSION = YES;
				CLANG_WARN_NON_LITERAL_NULL_CONVERSION = YES;
				CLANG_WARN_OBJC_IMPLICIT_RETAIN_SELF = YES;
				CLANG_WARN_OBJC_LITERAL_CONVERSION = YES;
				CLANG_WARN_OBJC_ROOT_CLASS = YES_ERROR;
				CLANG_WARN_RANGE_LOOP_ANALYSIS = YES;
				CLANG_WARN_STRICT_PROTOTYPES = YES;
				CLANG_WARN_SUSPICIOUS_MOVE = YES;
				CLANG_WARN_UNGUARDED_AVAILABILITY = YES_AGGRESSIVE;
				CLANG_WARN_UNREACHABLE_CODE = YES;
				CLANG_WARN__DUPLICATE_METHOD_MATCH = YES;
				COPY_PHASE_STRIP = NO;
				DEBUG_INFORMATION_FORMAT = "dwarf-with-dsym";
				ENABLE_NS_ASSERTIONS = NO;
				ENABLE_STRICT_OBJC_MSGSEND = YES;
				GCC_C_LANGUAGE_STANDARD = gnu11;
				GCC_NO_COMMON_BLOCKS = YES;
				GCC_WARN_64_TO_32_BIT_CONVERSION = YES;
				GCC_WARN_ABOUT_RETURN_TYPE = YES_ERROR;
				GCC_WARN_UNDECLARED_SELECTOR = YES;
				GCC_WARN_UNINITIALIZED_AUTOS = YES_AGGRESSIVE;
				GCC_WARN_UNUSED_FUNCTION = YES;
				GCC_WARN_UNUSED_VARIABLE = YES;
				IPHONEOS_DEPLOYMENT_TARGET = 13.2;
				MTL_ENABLE_DEBUG_INFO = NO;
				MTL_FAST_MATH = YES;
				SDKROOT = iphoneos;
				SWIFT_COMPILATION_MODE = wholemodule;
				SWIFT_OPTIMIZATION_LEVEL = "-O";
				VALIDATE_PRODUCT = YES;
			};
			name = Release;
		};
		4688B35323EC0FC000D7738A /* Debug */ = {
			isa = XCBuildConfiguration;
			buildSettings = {
				ASSETCATALOG_COMPILER_APPICON_NAME = AppIcon;
				CODE_SIGN_STYLE = Automatic;
				DEVELOPMENT_TEAM = 3FP28BF586;
				INFOPLIST_FILE = "Project Fueler/Info.plist";
				LD_RUNPATH_SEARCH_PATHS = (
					"$(inherited)",
					"@executable_path/Frameworks",
				);
				PRODUCT_BUNDLE_IDENTIFIER = "com.foytingo.Project-Fueler";
				PRODUCT_NAME = "$(TARGET_NAME)";
				SWIFT_VERSION = 5.0;
				TARGETED_DEVICE_FAMILY = "1,2";
			};
			name = Debug;
		};
		4688B35423EC0FC000D7738A /* Release */ = {
			isa = XCBuildConfiguration;
			buildSettings = {
				ASSETCATALOG_COMPILER_APPICON_NAME = AppIcon;
				CODE_SIGN_STYLE = Automatic;
				DEVELOPMENT_TEAM = 3FP28BF586;
				INFOPLIST_FILE = "Project Fueler/Info.plist";
				LD_RUNPATH_SEARCH_PATHS = (
					"$(inherited)",
					"@executable_path/Frameworks",
				);
				PRODUCT_BUNDLE_IDENTIFIER = "com.foytingo.Project-Fueler";
				PRODUCT_NAME = "$(TARGET_NAME)";
				SWIFT_VERSION = 5.0;
				TARGETED_DEVICE_FAMILY = "1,2";
			};
			name = Release;
		};
/* End XCBuildConfiguration section */

/* Begin XCConfigurationList section */
		4688B33623EC0FBE00D7738A /* Build configuration list for PBXProject "Project Fueler" */ = {
			isa = XCConfigurationList;
			buildConfigurations = (
				4688B35023EC0FC000D7738A /* Debug */,
				4688B35123EC0FC000D7738A /* Release */,
			);
			defaultConfigurationIsVisible = 0;
			defaultConfigurationName = Release;
		};
		4688B35223EC0FC000D7738A /* Build configuration list for PBXNativeTarget "Project Fueler" */ = {
			isa = XCConfigurationList;
			buildConfigurations = (
				4688B35323EC0FC000D7738A /* Debug */,
				4688B35423EC0FC000D7738A /* Release */,
			);
			defaultConfigurationIsVisible = 0;
			defaultConfigurationName = Release;
		};
/* End XCConfigurationList section */

/* Begin XCVersionGroup section */
		4688B34723EC0FBE00D7738A /* Project_Fueler.xcdatamodeld */ = {
			isa = XCVersionGroup;
			children = (
				4688B34823EC0FBE00D7738A /* Project_Fueler.xcdatamodel */,
			);
			currentVersion = 4688B34823EC0FBE00D7738A /* Project_Fueler.xcdatamodel */;
			path = Project_Fueler.xcdatamodeld;
			sourceTree = "<group>";
			versionGroupType = wrapper.xcdatamodel;
		};
/* End XCVersionGroup section */
	};
	rootObject = 4688B33323EC0FBE00D7738A /* Project object */;
}
